{
  "nodes": {
    "nixpkgs": {
      "locked": {
        "lastModified": 1699284920,
        "narHash": "sha256-lTdk+mUwNrYcLkGVz7t9HLSTL3U4OkAH1frg3haK+qI=",
        "owner": "NixOS",
        "repo": "nixpkgs",
        "rev": "ad38853459b9e62bffe9af2f326dc5a2933a1666",
        "type": "github"
      },
      "original": {
        "owner": "NixOS",
        "repo": "nixpkgs",
        "type": "github"
      }
    },
    "root": {
      "inputs": {
        "nixpkgs": "nixpkgs"
      }
    }
  },
  "root": "root",
  "version": 7
}
